
Microsoft Visual Studio Solution File, Format Version 12.00
# Visual Studio Version 17
VisualStudioVersion = 17.4.33213.308
MinimumVisualStudioVersion = 10.0.40219.1
Project("{9A19103F-16F7-4668-BE54-9A1E7A4F7556}") = "WebLuto", "WebLuto\WebLuto.csproj", "{8EBEC6BA-F3AB-4BA1-99F5-86EE056BA752}"
EndProject
Project("{2150E333-8FDC-42A3-9474-1A3956D46DE8}") = "WL.WebAPi", "WL.WebAPi", "{C53A71C4-D5F4-4D65-B833-78074B9F265D}"
EndProject
Project("{2150E333-8FDC-42A3-9474-1A3956D46DE8}") = "WL.Core", "WL.Core", "{2148391E-F39F-4753-9176-A69CC7454254}"
EndProject
Project("{2150E333-8FDC-42A3-9474-1A3956D46DE8}") = "WL.Data", "WL.Data", "{0FB6F99C-8D10-454B-A640-94E2A68723CD}"
EndProject
Project("{2150E333-8FDC-42A3-9474-1A3956D46DE8}") = "WL.Tests", "WL.Tests", "{494A7D07-4E0D-48AC-BB3E-1EC8248730B0}"
EndProject
Project("{FAE04EC0-301F-11D3-BF4B-00C04F79EFBC}") = "WL.Core", "WL.Core\WL.Core.csproj", "{8BDA0FD5-45F8-4993-936E-14CC45F0E69E}"
EndProject
Project("{2150E333-8FDC-42A3-9474-1A3956D46DE8}") = "Context", "Context", "{E172DCB4-B8F4-4A1A-BDC3-8B38CF516650}"
EndProject
Project("{2150E333-8FDC-42A3-9474-1A3956D46DE8}") = "Repository", "Repository", "{00DFC92C-0E9F-40F4-B2AB-3CF69AF7F581}"
EndProject
Global
	GlobalSection(SolutionConfigurationPlatforms) = preSolution
		Debug|Any CPU = Debug|Any CPU
		Release|Any CPU = Release|Any CPU
	EndGlobalSection
	GlobalSection(ProjectConfigurationPlatforms) = postSolution
		{8EBEC6BA-F3AB-4BA1-99F5-86EE056BA752}.Debug|Any CPU.ActiveCfg = Debug|Any CPU
		{8EBEC6BA-F3AB-4BA1-99F5-86EE056BA752}.Debug|Any CPU.Build.0 = Debug|Any CPU
		{8EBEC6BA-F3AB-4BA1-99F5-86EE056BA752}.Release|Any CPU.ActiveCfg = Release|Any CPU
		{8EBEC6BA-F3AB-4BA1-99F5-86EE056BA752}.Release|Any CPU.Build.0 = Release|Any CPU
		{8BDA0FD5-45F8-4993-936E-14CC45F0E69E}.Debug|Any CPU.ActiveCfg = Debug|Any CPU
		{8BDA0FD5-45F8-4993-936E-14CC45F0E69E}.Debug|Any CPU.Build.0 = Debug|Any CPU
		{8BDA0FD5-45F8-4993-936E-14CC45F0E69E}.Release|Any CPU.ActiveCfg = Release|Any CPU
		{8BDA0FD5-45F8-4993-936E-14CC45F0E69E}.Release|Any CPU.Build.0 = Release|Any CPU
	EndGlobalSection
	GlobalSection(SolutionProperties) = preSolution
		HideSolutionNode = FALSE
	EndGlobalSection
	GlobalSection(NestedProjects) = preSolution
		{8EBEC6BA-F3AB-4BA1-99F5-86EE056BA752} = {C53A71C4-D5F4-4D65-B833-78074B9F265D}
		{8BDA0FD5-45F8-4993-936E-14CC45F0E69E} = {2148391E-F39F-4753-9176-A69CC7454254}
		{E172DCB4-B8F4-4A1A-BDC3-8B38CF516650} = {0FB6F99C-8D10-454B-A640-94E2A68723CD}
		{00DFC92C-0E9F-40F4-B2AB-3CF69AF7F581} = {0FB6F99C-8D10-454B-A640-94E2A68723CD}
	EndGlobalSection
	GlobalSection(ExtensibilityGlobals) = postSolution
		SolutionGuid = {90DFFFD2-C8E5-4F18-ACFB-914637C1B1B6}
	EndGlobalSection
EndGlobal
