
Microsoft Visual Studio Solution File, Format Version 12.00
# Visual Studio Version 17
VisualStudioVersion = 17.4.33213.308
MinimumVisualStudioVersion = 10.0.40219.1
Project("{9A19103F-16F7-4668-BE54-9A1E7A4F7556}") = "WebLuto", "WebLuto\WebLuto.csproj", "{8EBEC6BA-F3AB-4BA1-99F5-86EE056BA752}"
EndProject
Project("{2150E333-8FDC-42A3-9474-1A3956D46DE8}") = "WL.Core", "WL.Core", "{6ED66FE6-81A1-45DD-AB49-EB815841ED0C}"
EndProject
Project("{2150E333-8FDC-42A3-9474-1A3956D46DE8}") = "WL.Data", "WL.Data", "{5911431D-0F67-467A-B0F3-78CD0FE5E843}"
EndProject
Project("{2150E333-8FDC-42A3-9474-1A3956D46DE8}") = "WL.Tests", "WL.Tests", "{D3B0AF37-CA4E-43AB-96D3-64172712F6B6}"
EndProject
Project("{2150E333-8FDC-42A3-9474-1A3956D46DE8}") = "WL.Manager", "WL.Manager", "{5281444E-D3B9-471B-8003-A10773D4BF39}"
EndProject
Project("{2150E333-8FDC-42A3-9474-1A3956D46DE8}") = "WL.WebApi", "WL.WebApi", "{2378B218-00E9-4022-9B6E-CED04D49D1A8}"
EndProject
Project("{FAE04EC0-301F-11D3-BF4B-00C04F79EFBC}") = "CL.Manager", "CL.Manager\CL.Manager.csproj", "{0C880AAD-71A2-4825-855B-FB8A955F517E}"
EndProject
Project("{FAE04EC0-301F-11D3-BF4B-00C04F79EFBC}") = "CL.Core", "CL.Core\CL.Core.csproj", "{F5C982FA-D7E9-489D-A5B7-98B8721A8359}"
EndProject
Project("{FAE04EC0-301F-11D3-BF4B-00C04F79EFBC}") = "CL.Tests", "CL.Tests\CL.Tests.csproj", "{4D26B645-A602-4A47-8E8A-F16263810816}"
EndProject
Global
	GlobalSection(SolutionConfigurationPlatforms) = preSolution
		Debug|Any CPU = Debug|Any CPU
		Release|Any CPU = Release|Any CPU
	EndGlobalSection
	GlobalSection(ProjectConfigurationPlatforms) = postSolution
		{8EBEC6BA-F3AB-4BA1-99F5-86EE056BA752}.Debug|Any CPU.ActiveCfg = Debug|Any CPU
		{8EBEC6BA-F3AB-4BA1-99F5-86EE056BA752}.Debug|Any CPU.Build.0 = Debug|Any CPU
		{8EBEC6BA-F3AB-4BA1-99F5-86EE056BA752}.Release|Any CPU.ActiveCfg = Release|Any CPU
		{8EBEC6BA-F3AB-4BA1-99F5-86EE056BA752}.Release|Any CPU.Build.0 = Release|Any CPU
		{0C880AAD-71A2-4825-855B-FB8A955F517E}.Debug|Any CPU.ActiveCfg = Debug|Any CPU
		{0C880AAD-71A2-4825-855B-FB8A955F517E}.Debug|Any CPU.Build.0 = Debug|Any CPU
		{0C880AAD-71A2-4825-855B-FB8A955F517E}.Release|Any CPU.ActiveCfg = Release|Any CPU
		{0C880AAD-71A2-4825-855B-FB8A955F517E}.Release|Any CPU.Build.0 = Release|Any CPU
		{F5C982FA-D7E9-489D-A5B7-98B8721A8359}.Debug|Any CPU.ActiveCfg = Debug|Any CPU
		{F5C982FA-D7E9-489D-A5B7-98B8721A8359}.Debug|Any CPU.Build.0 = Debug|Any CPU
		{F5C982FA-D7E9-489D-A5B7-98B8721A8359}.Release|Any CPU.ActiveCfg = Release|Any CPU
		{F5C982FA-D7E9-489D-A5B7-98B8721A8359}.Release|Any CPU.Build.0 = Release|Any CPU
		{4D26B645-A602-4A47-8E8A-F16263810816}.Debug|Any CPU.ActiveCfg = Debug|Any CPU
		{4D26B645-A602-4A47-8E8A-F16263810816}.Debug|Any CPU.Build.0 = Debug|Any CPU
		{4D26B645-A602-4A47-8E8A-F16263810816}.Release|Any CPU.ActiveCfg = Release|Any CPU
		{4D26B645-A602-4A47-8E8A-F16263810816}.Release|Any CPU.Build.0 = Release|Any CPU
	EndGlobalSection
	GlobalSection(SolutionProperties) = preSolution
		HideSolutionNode = FALSE
	EndGlobalSection
	GlobalSection(NestedProjects) = preSolution
		{8EBEC6BA-F3AB-4BA1-99F5-86EE056BA752} = {2378B218-00E9-4022-9B6E-CED04D49D1A8}
		{0C880AAD-71A2-4825-855B-FB8A955F517E} = {5281444E-D3B9-471B-8003-A10773D4BF39}
		{F5C982FA-D7E9-489D-A5B7-98B8721A8359} = {6ED66FE6-81A1-45DD-AB49-EB815841ED0C}
		{4D26B645-A602-4A47-8E8A-F16263810816} = {D3B0AF37-CA4E-43AB-96D3-64172712F6B6}
	EndGlobalSection
	GlobalSection(ExtensibilityGlobals) = postSolution
		SolutionGuid = {90DFFFD2-C8E5-4F18-ACFB-914637C1B1B6}
	EndGlobalSection
EndGlobal
